// !$*UTF8*$!
{
	archiveVersion = 1;
	classes = {
	};
	objectVersion = 50;
	objects = {

/* Begin PBXBuildFile section */
		027042EE25AADC54003F5624 /* AppDelegate.swift in Sources */ = {isa = PBXBuildFile; fileRef = 027042ED25AADC54003F5624 /* AppDelegate.swift */; };
		027042F025AADC54003F5624 /* SceneDelegate.swift in Sources */ = {isa = PBXBuildFile; fileRef = 027042EF25AADC54003F5624 /* SceneDelegate.swift */; };
		027042F225AADC54003F5624 /* ViewController.swift in Sources */ = {isa = PBXBuildFile; fileRef = 027042F125AADC54003F5624 /* ViewController.swift */; };
		027042F525AADC54003F5624 /* Main.storyboard in Resources */ = {isa = PBXBuildFile; fileRef = 027042F325AADC54003F5624 /* Main.storyboard */; };
		027042F725AADC56003F5624 /* Assets.xcassets in Resources */ = {isa = PBXBuildFile; fileRef = 027042F625AADC56003F5624 /* Assets.xcassets */; };
		027042FA25AADC56003F5624 /* LaunchScreen.storyboard in Resources */ = {isa = PBXBuildFile; fileRef = 027042F825AADC56003F5624 /* LaunchScreen.storyboard */; };
		0270430325AADCF5003F5624 /* DiagonalCustomView.swift in Sources */ = {isa = PBXBuildFile; fileRef = 0270430225AADCF5003F5624 /* DiagonalCustomView.swift */; };
		0270430625AAE265003F5624 /* night_sky.png in Resources */ = {isa = PBXBuildFile; fileRef = 0270430525AAE265003F5624 /* night_sky.png */; };
/* End PBXBuildFile section */

/* Begin PBXFileReference section */
		027042EA25AADC54003F5624 /* codeView.app */ = {isa = PBXFileReference; explicitFileType = wrapper.application; includeInIndex = 0; path = codeView.app; sourceTree = BUILT_PRODUCTS_DIR; };
		027042ED25AADC54003F5624 /* AppDelegate.swift */ = {isa = PBXFileReference; lastKnownFileType = sourcecode.swift; path = AppDelegate.swift; sourceTree = "<group>"; };
		027042EF25AADC54003F5624 /* SceneDelegate.swift */ = {isa = PBXFileReference; lastKnownFileType = sourcecode.swift; path = SceneDelegate.swift; sourceTree = "<group>"; };
		027042F125AADC54003F5624 /* ViewController.swift */ = {isa = PBXFileReference; lastKnownFileType = sourcecode.swift; path = ViewController.swift; sourceTree = "<group>"; };
		027042F425AADC54003F5624 /* Base */ = {isa = PBXFileReference; lastKnownFileType = file.storyboard; name = Base; path = Base.lproj/Main.storyboard; sourceTree = "<group>"; };
		027042F625AADC56003F5624 /* Assets.xcassets */ = {isa = PBXFileReference; lastKnownFileType = folder.assetcatalog; path = Assets.xcassets; sourceTree = "<group>"; };
		027042F925AADC56003F5624 /* Base */ = {isa = PBXFileReference; lastKnownFileType = file.storyboard; name = Base; path = Base.lproj/LaunchScreen.storyboard; sourceTree = "<group>"; };
		027042FB25AADC56003F5624 /* Info.plist */ = {isa = PBXFileReference; lastKnownFileType = text.plist.xml; path = Info.plist; sourceTree = "<group>"; };
		0270430225AADCF5003F5624 /* DiagonalCustomView.swift */ = {isa = PBXFileReference; lastKnownFileType = sourcecode.swift; path = DiagonalCustomView.swift; sourceTree = "<group>"; };
		0270430525AAE265003F5624 /* night_sky.png */ = {isa = PBXFileReference; lastKnownFileType = image.png; path = night_sky.png; sourceTree = "<group>"; };
/* End PBXFileReference section */

/* Begin PBXFrameworksBuildPhase section */
		027042E725AADC54003F5624 /* Frameworks */ = {
			isa = PBXFrameworksBuildPhase;
			buildActionMask = 2147483647;
			files = (
			);
			runOnlyForDeploymentPostprocessing = 0;
		};
/* End PBXFrameworksBuildPhase section */

/* Begin PBXGroup section */
		027042E125AADC54003F5624 = {
			isa = PBXGroup;
			children = (
				027042EC25AADC54003F5624 /* codeView */,
				027042EB25AADC54003F5624 /* Products */,
			);
			sourceTree = "<group>";
		};
		027042EB25AADC54003F5624 /* Products */ = {
			isa = PBXGroup;
			children = (
				027042EA25AADC54003F5624 /* codeView.app */,
			);
			name = Products;
			sourceTree = "<group>";
		};
		027042EC25AADC54003F5624 /* codeView */ = {
			isa = PBXGroup;
			children = (
				027042ED25AADC54003F5624 /* AppDelegate.swift */,
				027042EF25AADC54003F5624 /* SceneDelegate.swift */,
				027042F125AADC54003F5624 /* ViewController.swift */,
				027042F325AADC54003F5624 /* Main.storyboard */,
				027042F625AADC56003F5624 /* Assets.xcassets */,
				027042F825AADC56003F5624 /* LaunchScreen.storyboard */,
				027042FB25AADC56003F5624 /* Info.plist */,
				0270430225AADCF5003F5624 /* DiagonalCustomView.swift */,
				0270430525AAE265003F5624 /* night_sky.png */,
			);
			path = codeView;
			sourceTree = "<group>";
		};
/* End PBXGroup section */

/* Begin PBXNativeTarget section */
		027042E925AADC54003F5624 /* codeView */ = {
			isa = PBXNativeTarget;
			buildConfigurationList = 027042FE25AADC56003F5624 /* Build configuration list for PBXNativeTarget "codeView" */;
			buildPhases = (
				027042E625AADC54003F5624 /* Sources */,
				027042E725AADC54003F5624 /* Frameworks */,
				027042E825AADC54003F5624 /* Resources */,
			);
			buildRules = (
			);
			dependencies = (
			);
			name = codeView;
			productName = codeView;
			productReference = 027042EA25AADC54003F5624 /* codeView.app */;
			productType = "com.apple.product-type.application";
		};
/* End PBXNativeTarget section */

/* Begin PBXProject section */
		027042E225AADC54003F5624 /* Project object */ = {
			isa = PBXProject;
			attributes = {
				LastSwiftUpdateCheck = 1230;
				LastUpgradeCheck = 1230;
				TargetAttributes = {
					027042E925AADC54003F5624 = {
						CreatedOnToolsVersion = 12.3;
					};
				};
			};
			buildConfigurationList = 027042E525AADC54003F5624 /* Build configuration list for PBXProject "codeView" */;
			compatibilityVersion = "Xcode 9.3";
			developmentRegion = en;
			hasScannedForEncodings = 0;
			knownRegions = (
				en,
				Base,
			);
			mainGroup = 027042E125AADC54003F5624;
			productRefGroup = 027042EB25AADC54003F5624 /* Products */;
			projectDirPath = "";
			projectRoot = "";
			targets = (
				027042E925AADC54003F5624 /* codeView */,
			);
		};
/* End PBXProject section */

/* Begin PBXResourcesBuildPhase section */
		027042E825AADC54003F5624 /* Resources */ = {
			isa = PBXResourcesBuildPhase;
			buildActionMask = 2147483647;
			files = (
				0270430625AAE265003F5624 /* night_sky.png in Resources */,
				027042FA25AADC56003F5624 /* LaunchScreen.storyboard in Resources */,
				027042F725AADC56003F5624 /* Assets.xcassets in Resources */,
				027042F525AADC54003F5624 /* Main.storyboard in Resources */,
			);
			runOnlyForDeploymentPostprocessing = 0;
		};
/* End PBXResourcesBuildPhase section */

/* Begin PBXSourcesBuildPhase section */
		027042E625AADC54003F5624 /* Sources */ = {
			isa = PBXSourcesBuildPhase;
			buildActionMask = 2147483647;
			files = (
				0270430325AADCF5003F5624 /* DiagonalCustomView.swift in Sources */,
				027042F225AADC54003F5624 /* ViewController.swift in Sources */,
				027042EE25AADC54003F5624 /* AppDelegate.swift in Sources */,
				027042F025AADC54003F5624 /* SceneDelegate.swift in Sources */,
			);
			runOnlyForDeploymentPostprocessing = 0;
		};
/* End PBXSourcesBuildPhase section */

/* Begin PBXVariantGroup section */
		027042F325AADC54003F5624 /* Main.storyboard */ = {
			isa = PBXVariantGroup;
			children = (
				027042F425AADC54003F5624 /* Base */,
			);
			name = Main.storyboard;
			sourceTree = "<group>";
		};
		027042F825AADC56003F5624 /* LaunchScreen.storyboard */ = {
			isa = PBXVariantGroup;
			children = (
				027042F925AADC56003F5624 /* Base */,
			);
			name = LaunchScreen.storyboard;
			sourceTree = "<group>";
		};
/* End PBXVariantGroup section */

/* Begin XCBuildConfiguration section */
		027042FC25AADC56003F5624 /* Debug */ = {
			isa = XCBuildConfiguration;
			buildSettings = {
				ALWAYS_SEARCH_USER_PATHS = NO;
				CLANG_ANALYZER_NONNULL = YES;
				CLANG_ANALYZER_NUMBER_OBJECT_CONVERSION = YES_AGGRESSIVE;
				CLANG_CXX_LANGUAGE_STANDARD = "gnu++14";
				CLANG_CXX_LIBRARY = "libc++";
				CLANG_ENABLE_MODULES = YES;
				CLANG_ENABLE_OBJC_ARC = YES;
				CLANG_ENABLE_OBJC_WEAK = YES;
				CLANG_WARN_BLOCK_CAPTURE_AUTORELEASING = YES;
				CLANG_WARN_BOOL_CONVERSION = YES;
				CLANG_WARN_COMMA = YES;
				CLANG_WARN_CONSTANT_CONVERSION = YES;
				CLANG_WARN_DEPRECATED_OBJC_IMPLEMENTATIONS = YES;
				CLANG_WARN_DIRECT_OBJC_ISA_USAGE = YES_ERROR;
				CLANG_WARN_DOCUMENTATION_COMMENTS = YES;
				CLANG_WARN_EMPTY_BODY = YES;
				CLANG_WARN_ENUM_CONVERSION = YES;
				CLANG_WARN_INFINITE_RECURSION = YES;
				CLANG_WARN_INT_CONVERSION = YES;
				CLANG_WARN_NON_LITERAL_NULL_CONVERSION = YES;
				CLANG_WARN_OBJC_IMPLICIT_RETAIN_SELF = YES;
				CLANG_WARN_OBJC_LITERAL_CONVERSION = YES;
				CLANG_WARN_OBJC_ROOT_CLASS = YES_ERROR;
				CLANG_WARN_QUOTED_INCLUDE_IN_FRAMEWORK_HEADER = YES;
				CLANG_WARN_RANGE_LOOP_ANALYSIS = YES;
				CLANG_WARN_STRICT_PROTOTYPES = YES;
				CLANG_WARN_SUSPICIOUS_MOVE = YES;
				CLANG_WARN_UNGUARDED_AVAILABILITY = YES_AGGRESSIVE;
				CLANG_WARN_UNREACHABLE_CODE = YES;
				CLANG_WARN__DUPLICATE_METHOD_MATCH = YES;
				COPY_PHASE_STRIP = NO;
				DEBUG_INFORMATION_FORMAT = dwarf;
				ENABLE_STRICT_OBJC_MSGSEND = YES;
				ENABLE_TESTABILITY = YES;
				GCC_C_LANGUAGE_STANDARD = gnu11;
				GCC_DYNAMIC_NO_PIC = NO;
				GCC_NO_COMMON_BLOCKS = YES;
				GCC_OPTIMIZATION_LEVEL = 0;
				GCC_PREPROCESSOR_DEFINITIONS = (
					"DEBUG=1",
					"$(inherited)",
				);
				GCC_WARN_64_TO_32_BIT_CONVERSION = YES;
				GCC_WARN_ABOUT_RETURN_TYPE = YES_ERROR;
				GCC_WARN_UNDECLARED_SELECTOR = YES;
				GCC_WARN_UNINITIALIZED_AUTOS = YES_AGGRESSIVE;
				GCC_WARN_UNUSED_FUNCTION = YES;
				GCC_WARN_UNUSED_VARIABLE = YES;
				IPHONEOS_DEPLOYMENT_TARGET = 14.3;
				MTL_ENABLE_DEBUG_INFO = INCLUDE_SOURCE;
				MTL_FAST_MATH = YES;
				ONLY_ACTIVE_ARCH = YES;
				SDKROOT = iphoneos;
				SWIFT_ACTIVE_COMPILATION_CONDITIONS = DEBUG;
				SWIFT_OPTIMIZATION_LEVEL = "-Onone";
			};
			name = Debug;
		};
		027042FD25AADC56003F5624 /* Release */ = {
			isa = XCBuildConfiguration;
			buildSettings = {
				ALWAYS_SEARCH_USER_PATHS = NO;
				CLANG_ANALYZER_NONNULL = YES;
				CLANG_ANALYZER_NUMBER_OBJECT_CONVERSION = YES_AGGRESSIVE;
				CLANG_CXX_LANGUAGE_STANDARD = "gnu++14";
				CLANG_CXX_LIBRARY = "libc++";
				CLANG_ENABLE_MODULES = YES;
				CLANG_ENABLE_OBJC_ARC = YES;
				CLANG_ENABLE_OBJC_WEAK = YES;
				CLANG_WARN_BLOCK_CAPTURE_AUTORELEASING = YES;
				CLANG_WARN_BOOL_CONVERSION = YES;
				CLANG_WARN_COMMA = YES;
				CLANG_WARN_CONSTANT_CONVERSION = YES;
				CLANG_WARN_DEPRECATED_OBJC_IMPLEMENTATIONS = YES;
				CLANG_WARN_DIRECT_OBJC_ISA_USAGE = YES_ERROR;
				CLANG_WARN_DOCUMENTATION_COMMENTS = YES;
				CLANG_WARN_EMPTY_BODY = YES;
				CLANG_WARN_ENUM_CONVERSION = YES;
				CLANG_WARN_INFINITE_RECURSION = YES;
				CLANG_WARN_INT_CONVERSION = YES;
				CLANG_WARN_NON_LITERAL_NULL_CONVERSION = YES;
				CLANG_WARN_OBJC_IMPLICIT_RETAIN_SELF = YES;
				CLANG_WARN_OBJC_LITERAL_CONVERSION = YES;
				CLANG_WARN_OBJC_ROOT_CLASS = YES_ERROR;
				CLANG_WARN_QUOTED_INCLUDE_IN_FRAMEWORK_HEADER = YES;
				CLANG_WARN_RANGE_LOOP_ANALYSIS = YES;
				CLANG_WARN_STRICT_PROTOTYPES = YES;
				CLANG_WARN_SUSPICIOUS_MOVE = YES;
				CLANG_WARN_UNGUARDED_AVAILABILITY = YES_AGGRESSIVE;
				CLANG_WARN_UNREACHABLE_CODE = YES;
				CLANG_WARN__DUPLICATE_METHOD_MATCH = YES;
				COPY_PHASE_STRIP = NO;
				DEBUG_INFORMATION_FORMAT = "dwarf-with-dsym";
				ENABLE_NS_ASSERTIONS = NO;
				ENABLE_STRICT_OBJC_MSGSEND = YES;
				GCC_C_LANGUAGE_STANDARD = gnu11;
				GCC_NO_COMMON_BLOCKS = YES;
				GCC_WARN_64_TO_32_BIT_CONVERSION = YES;
				GCC_WARN_ABOUT_RETURN_TYPE = YES_ERROR;
				GCC_WARN_UNDECLARED_SELECTOR = YES;
				GCC_WARN_UNINITIALIZED_AUTOS = YES_AGGRESSIVE;
				GCC_WARN_UNUSED_FUNCTION = YES;
				GCC_WARN_UNUSED_VARIABLE = YES;
				IPHONEOS_DEPLOYMENT_TARGET = 14.3;
				MTL_ENABLE_DEBUG_INFO = NO;
				MTL_FAST_MATH = YES;
				SDKROOT = iphoneos;
				SWIFT_COMPILATION_MODE = wholemodule;
				SWIFT_OPTIMIZATION_LEVEL = "-O";
				VALIDATE_PRODUCT = YES;
			};
			name = Release;
		};
		027042FF25AADC56003F5624 /* Debug */ = {
			isa = XCBuildConfiguration;
			buildSettings = {
				ASSETCATALOG_COMPILER_APPICON_NAME = AppIcon;
				ASSETCATALOG_COMPILER_GLOBAL_ACCENT_COLOR_NAME = AccentColor;
				CODE_SIGN_STYLE = Automatic;
				INFOPLIST_FILE = codeView/Info.plist;
				LD_RUNPATH_SEARCH_PATHS = (
					"$(inherited)",
					"@executable_path/Frameworks",
				);
				PRODUCT_BUNDLE_IDENTIFIER = com.hwanwoo.codeView;
				PRODUCT_NAME = "$(TARGET_NAME)";
				SWIFT_VERSION = 5.0;
				TARGETED_DEVICE_FAMILY = "1,2";
			};
			name = Debug;
		};
		0270430025AADC56003F5624 /* Release */ = {
			isa = XCBuildConfiguration;
			buildSettings = {
				ASSETCATALOG_COMPILER_APPICON_NAME = AppIcon;
				ASSETCATALOG_COMPILER_GLOBAL_ACCENT_COLOR_NAME = AccentColor;
				CODE_SIGN_STYLE = Automatic;
				INFOPLIST_FILE = codeView/Info.plist;
				LD_RUNPATH_SEARCH_PATHS = (
					"$(inherited)",
					"@executable_path/Frameworks",
				);
				PRODUCT_BUNDLE_IDENTIFIER = com.hwanwoo.codeView;
				PRODUCT_NAME = "$(TARGET_NAME)";
				SWIFT_VERSION = 5.0;
				TARGETED_DEVICE_FAMILY = "1,2";
			};
			name = Release;
		};
/* End XCBuildConfiguration section */

/* Begin XCConfigurationList section */
		027042E525AADC54003F5624 /* Build configuration list for PBXProject "codeView" */ = {
			isa = XCConfigurationList;
			buildConfigurations = (
				027042FC25AADC56003F5624 /* Debug */,
				027042FD25AADC56003F5624 /* Release */,
			);
			defaultConfigurationIsVisible = 0;
			defaultConfigurationName = Release;
		};
		027042FE25AADC56003F5624 /* Build configuration list for PBXNativeTarget "codeView" */ = {
			isa = XCConfigurationList;
			buildConfigurations = (
				027042FF25AADC56003F5624 /* Debug */,
				0270430025AADC56003F5624 /* Release */,
			);
			defaultConfigurationIsVisible = 0;
			defaultConfigurationName = Release;
		};
/* End XCConfigurationList section */
	};
	rootObject = 027042E225AADC54003F5624 /* Project object */;
}
