// !$*UTF8*$!
{
	archiveVersion = 1;
	classes = {
	};
	objectVersion = 50;
	objects = {

/* Begin PBXBuildFile section */
		02CB0CE726836B150095B5B0 /* main.swift in Sources */ = {isa = PBXBuildFile; fileRef = 02CB0CE626836B150095B5B0 /* main.swift */; };
/* End PBXBuildFile section */

/* Begin PBXCopyFilesBuildPhase section */
		02CB0CE126836B150095B5B0 /* CopyFiles */ = {
			isa = PBXCopyFilesBuildPhase;
			buildActionMask = 2147483647;
			dstPath = /usr/share/man/man1/;
			dstSubfolderSpec = 0;
			files = (
			);
			runOnlyForDeploymentPostprocessing = 1;
		};
/* End PBXCopyFilesBuildPhase section */

/* Begin PBXFileReference section */
		0208156F26B271E800882A9E /* 1874.swift */ = {isa = PBXFileReference; lastKnownFileType = sourcecode.swift; path = 1874.swift; sourceTree = "<group>"; };
		0208157026B2791400882A9E /* 17298.swift */ = {isa = PBXFileReference; lastKnownFileType = sourcecode.swift; path = 17298.swift; sourceTree = "<group>"; };
		0208157126B280E000882A9E /* 18258.swift */ = {isa = PBXFileReference; lastKnownFileType = sourcecode.swift; path = 18258.swift; sourceTree = "<group>"; };
		0208157226B2844700882A9E /* 2164.swift */ = {isa = PBXFileReference; lastKnownFileType = sourcecode.swift; path = 2164.swift; sourceTree = "<group>"; };
		0208157326B28A6400882A9E /* 1966.swift */ = {isa = PBXFileReference; lastKnownFileType = sourcecode.swift; path = 1966.swift; sourceTree = "<group>"; };
		0208157426B293B300882A9E /* 10866.swift */ = {isa = PBXFileReference; lastKnownFileType = sourcecode.swift; path = 10866.swift; sourceTree = "<group>"; };
		0208157526B29B4900882A9E /* 1021.swift */ = {isa = PBXFileReference; lastKnownFileType = sourcecode.swift; path = 1021.swift; sourceTree = "<group>"; };
		0208157626B29E6100882A9E /* 5430.swift */ = {isa = PBXFileReference; lastKnownFileType = sourcecode.swift; path = 5430.swift; sourceTree = "<group>"; };
		020C606626B1448600BF9263 /* 10828.swift */ = {isa = PBXFileReference; lastKnownFileType = sourcecode.swift; path = 10828.swift; sourceTree = "<group>"; };
		020C606726B14D6200BF9263 /* 4949.swift */ = {isa = PBXFileReference; lastKnownFileType = sourcecode.swift; path = 4949.swift; sourceTree = "<group>"; };
		022DC0A126E7B24A0067CAD2 /* 11725.swift */ = {isa = PBXFileReference; lastKnownFileType = sourcecode.swift; path = 11725.swift; sourceTree = "<group>"; };
		022DC0A226E7C6AB0067CAD2 /* 1991.swift */ = {isa = PBXFileReference; lastKnownFileType = sourcecode.swift; path = 1991.swift; sourceTree = "<group>"; };
		022DC0A426E7CD650067CAD2 /* 2263.swift */ = {isa = PBXFileReference; lastKnownFileType = sourcecode.swift; path = 2263.swift; sourceTree = "<group>"; };
		022DC0A526E7D05F0067CAD2 /* 4803.swift */ = {isa = PBXFileReference; lastKnownFileType = sourcecode.swift; path = 4803.swift; sourceTree = "<group>"; };
		023CC02F26C3B332003294FB /* 1912.swift */ = {isa = PBXFileReference; lastKnownFileType = sourcecode.swift; path = 1912.swift; sourceTree = "<group>"; };
		023CC03026C3B86C003294FB /* 2156.swift */ = {isa = PBXFileReference; lastKnownFileType = sourcecode.swift; path = 2156.swift; sourceTree = "<group>"; };
		023CC03126C3C21B003294FB /* 11053.swift */ = {isa = PBXFileReference; lastKnownFileType = sourcecode.swift; path = 11053.swift; sourceTree = "<group>"; };
		023CC03226C3C7EE003294FB /* 12865.swift */ = {isa = PBXFileReference; lastKnownFileType = sourcecode.swift; path = 12865.swift; sourceTree = "<group>"; };
		0248CB352696FC26009415DE /* 3052.swift */ = {isa = PBXFileReference; lastKnownFileType = sourcecode.swift; path = 3052.swift; sourceTree = "<group>"; };
		024DCA9926C4DEA400CC1A02 /* 1463.swift */ = {isa = PBXFileReference; lastKnownFileType = sourcecode.swift; path = 1463.swift; sourceTree = "<group>"; };
		024DCA9B26C4EC6C00CC1A02 /* 9251.swift */ = {isa = PBXFileReference; lastKnownFileType = sourcecode.swift; path = 9251.swift; sourceTree = "<group>"; };
		024DCA9C26C4F48200CC1A02 /* 10844.swift */ = {isa = PBXFileReference; lastKnownFileType = sourcecode.swift; path = 10844.swift; sourceTree = "<group>"; };
		02878AC326D8D2CA00F0F91B /* 7569.swift */ = {isa = PBXFileReference; lastKnownFileType = sourcecode.swift; path = 7569.swift; sourceTree = "<group>"; };
		02878AC426D8DA5500F0F91B /* 2206.swift */ = {isa = PBXFileReference; lastKnownFileType = sourcecode.swift; path = 2206.swift; sourceTree = "<group>"; };
		02CB0CE326836B150095B5B0 /* CodingTest */ = {isa = PBXFileReference; explicitFileType = "compiled.mach-o.executable"; includeInIndex = 0; path = CodingTest; sourceTree = BUILT_PRODUCTS_DIR; };
		02CB0CE626836B150095B5B0 /* main.swift */ = {isa = PBXFileReference; lastKnownFileType = sourcecode.swift; path = main.swift; sourceTree = "<group>"; };
		02CB0CEE268371E00095B5B0 /* 1992.swift */ = {isa = PBXFileReference; lastKnownFileType = sourcecode.swift; path = 1992.swift; sourceTree = "<group>"; };
		02DD3E4E26C403D6001C517E /* 11054.swift */ = {isa = PBXFileReference; lastKnownFileType = sourcecode.swift; path = 11054.swift; sourceTree = "<group>"; };
		02DDD2FF26D7B71F00B989DE /* 18673.swift */ = {isa = PBXFileReference; lastKnownFileType = sourcecode.swift; path = 18673.swift; sourceTree = "<group>"; };
		02DDD30026D7B88C00B989DE /* 4948.swift */ = {isa = PBXFileReference; lastKnownFileType = sourcecode.swift; path = 4948.swift; sourceTree = "<group>"; };
		02EE905A269EC7AA009A40C9 /* 4673.swift */ = {isa = PBXFileReference; lastKnownFileType = sourcecode.swift; path = 4673.swift; sourceTree = "<group>"; };
		02EE905C269ECA96009A40C9 /* 1065.swift */ = {isa = PBXFileReference; lastKnownFileType = sourcecode.swift; path = 1065.swift; sourceTree = "<group>"; };
		02EE905E269ECC15009A40C9 /* 4344.swift */ = {isa = PBXFileReference; lastKnownFileType = sourcecode.swift; path = 4344.swift; sourceTree = "<group>"; };
		02EE905F269ECC15009A40C9 /* 10818.swift */ = {isa = PBXFileReference; lastKnownFileType = sourcecode.swift; path = 10818.swift; sourceTree = "<group>"; };
		02EE9060269ECC15009A40C9 /* 2577.swift */ = {isa = PBXFileReference; lastKnownFileType = sourcecode.swift; path = 2577.swift; sourceTree = "<group>"; };
		02EE9061269ECC15009A40C9 /* 8958.swift */ = {isa = PBXFileReference; lastKnownFileType = sourcecode.swift; path = 8958.swift; sourceTree = "<group>"; };
		02EE9062269ECC15009A40C9 /* 1546.swift */ = {isa = PBXFileReference; lastKnownFileType = sourcecode.swift; path = 1546.swift; sourceTree = "<group>"; };
		02EE9064269ECC15009A40C9 /* 2562.swift */ = {isa = PBXFileReference; lastKnownFileType = sourcecode.swift; path = 2562.swift; sourceTree = "<group>"; };
		02EE9066269ECC3E009A40C9 /* 11654.swift */ = {isa = PBXFileReference; lastKnownFileType = sourcecode.swift; path = 11654.swift; sourceTree = "<group>"; };
		02EE9067269ECE06009A40C9 /* 11720.swift */ = {isa = PBXFileReference; lastKnownFileType = sourcecode.swift; path = 11720.swift; sourceTree = "<group>"; };
		02EE9068269ED29E009A40C9 /* 10809.swift */ = {isa = PBXFileReference; lastKnownFileType = sourcecode.swift; path = 10809.swift; sourceTree = "<group>"; };
		02EE9069269ED58D009A40C9 /* 2675.swift */ = {isa = PBXFileReference; lastKnownFileType = sourcecode.swift; path = 2675.swift; sourceTree = "<group>"; };
		02EE906A269EDCEE009A40C9 /* 1157.swift */ = {isa = PBXFileReference; lastKnownFileType = sourcecode.swift; path = 1157.swift; sourceTree = "<group>"; };
		02EE906B269EDDA2009A40C9 /* 1152.swift */ = {isa = PBXFileReference; lastKnownFileType = sourcecode.swift; path = 1152.swift; sourceTree = "<group>"; };
		02EE906C269EDF44009A40C9 /* 2908.swift */ = {isa = PBXFileReference; lastKnownFileType = sourcecode.swift; path = 2908.swift; sourceTree = "<group>"; };
		02EE906D269EE408009A40C9 /* 5622.swift */ = {isa = PBXFileReference; lastKnownFileType = sourcecode.swift; path = 5622.swift; sourceTree = "<group>"; };
		02EE906E269EE529009A40C9 /* 2941.swift */ = {isa = PBXFileReference; lastKnownFileType = sourcecode.swift; path = 2941.swift; sourceTree = "<group>"; };
		02EE9070269EE6BB009A40C9 /* 1316.swift */ = {isa = PBXFileReference; lastKnownFileType = sourcecode.swift; path = 1316.swift; sourceTree = "<group>"; };
/* End PBXFileReference section */

/* Begin PBXFrameworksBuildPhase section */
		02CB0CE026836B150095B5B0 /* Frameworks */ = {
			isa = PBXFrameworksBuildPhase;
			buildActionMask = 2147483647;
			files = (
			);
			runOnlyForDeploymentPostprocessing = 0;
		};
/* End PBXFrameworksBuildPhase section */

/* Begin PBXGroup section */
		020C606526B1447800BF9263 /* 스택, 큐 ,덱 */ = {
			isa = PBXGroup;
			children = (
				020C606626B1448600BF9263 /* 10828.swift */,
				020C606726B14D6200BF9263 /* 4949.swift */,
				0208156F26B271E800882A9E /* 1874.swift */,
				0208157026B2791400882A9E /* 17298.swift */,
				0208157126B280E000882A9E /* 18258.swift */,
				0208157226B2844700882A9E /* 2164.swift */,
				0208157326B28A6400882A9E /* 1966.swift */,
				0208157426B293B300882A9E /* 10866.swift */,
				0208157526B29B4900882A9E /* 1021.swift */,
				0208157626B29E6100882A9E /* 5430.swift */,
			);
			name = "스택, 큐 ,덱";
			path = "스택, 큐 ,덱";
			sourceTree = "<group>";
		};
		022DC0A026E7B2200067CAD2 /* 트리 */ = {
			isa = PBXGroup;
			children = (
				022DC0A126E7B24A0067CAD2 /* 11725.swift */,
				022DC0A226E7C6AB0067CAD2 /* 1991.swift */,
				022DC0A426E7CD650067CAD2 /* 2263.swift */,
				022DC0A526E7D05F0067CAD2 /* 4803.swift */,
			);
			name = "트리";
			path = "트리";
			sourceTree = "<group>";
		};
		023CC02E26C3AD4E003294FB /* 동적계획법 1 */ = {
			isa = PBXGroup;
			children = (
				023CC02F26C3B332003294FB /* 1912.swift */,
				023CC03026C3B86C003294FB /* 2156.swift */,
				023CC03126C3C21B003294FB /* 11053.swift */,
				023CC03226C3C7EE003294FB /* 12865.swift */,
				02DD3E4E26C403D6001C517E /* 11054.swift */,
				024DCA9926C4DEA400CC1A02 /* 1463.swift */,
				024DCA9B26C4EC6C00CC1A02 /* 9251.swift */,
				024DCA9C26C4F48200CC1A02 /* 10844.swift */,
			);
			name = "동적계획법 1";
			path = "동적계획법 1";
			sourceTree = "<group>";
		};
		02CB0CDA26836B150095B5B0 = {
			isa = PBXGroup;
			children = (
				02CB0CE526836B150095B5B0 /* CodingTest */,
				02CB0CE426836B150095B5B0 /* Products */,
			);
			sourceTree = "<group>";
		};
		02CB0CE426836B150095B5B0 /* Products */ = {
			isa = PBXGroup;
			children = (
				02CB0CE326836B150095B5B0 /* CodingTest */,
			);
			name = Products;
			sourceTree = "<group>";
		};
		02CB0CE526836B150095B5B0 /* CodingTest */ = {
			isa = PBXGroup;
			children = (
				02CB0CED268371CF0095B5B0 /* 백준 */,
				02CB0CE626836B150095B5B0 /* main.swift */,
			);
			path = CodingTest;
			sourceTree = "<group>";
		};
		02CB0CED268371CF0095B5B0 /* 백준 */ = {
			isa = PBXGroup;
			children = (
				022DC0A026E7B2200067CAD2 /* 트리 */,
				02DDD2FE26D7B70C00B989DE /* 수학, 정렬, 그래프 */,
				023CC02E26C3AD4E003294FB /* 동적계획법 1 */,
				020C606526B1447800BF9263 /* 스택, 큐 ,덱 */,
				02EE9065269ECC2D009A40C9 /* 문자열 */,
				02EE905D269ECC15009A40C9 /* 1차원 배열 */,
				02EE9059269EC403009A40C9 /* 함수 */,
				0248CB352696FC26009415DE /* 3052.swift */,
				02CB0CEE268371E00095B5B0 /* 1992.swift */,
			);
			name = "백준";
			path = "백준";
			sourceTree = "<group>";
		};
		02DDD2FE26D7B70C00B989DE /* 수학, 정렬, 그래프 */ = {
			isa = PBXGroup;
			children = (
				02DDD2FF26D7B71F00B989DE /* 18673.swift */,
				02DDD30026D7B88C00B989DE /* 4948.swift */,
				02878AC326D8D2CA00F0F91B /* 7569.swift */,
				02878AC426D8DA5500F0F91B /* 2206.swift */,
			);
			name = "수학, 정렬, 그래프";
			path = "수학, 정렬, 그래프";
			sourceTree = "<group>";
		};
		02EE9059269EC403009A40C9 /* 함수 */ = {
			isa = PBXGroup;
			children = (
				02EE905A269EC7AA009A40C9 /* 4673.swift */,
				02EE905C269ECA96009A40C9 /* 1065.swift */,
			);
			name = "함수";
			path = "함수";
			sourceTree = "<group>";
		};
		02EE905D269ECC15009A40C9 /* 1차원 배열 */ = {
			isa = PBXGroup;
			children = (
				02EE905E269ECC15009A40C9 /* 4344.swift */,
				02EE905F269ECC15009A40C9 /* 10818.swift */,
				02EE9060269ECC15009A40C9 /* 2577.swift */,
				02EE9061269ECC15009A40C9 /* 8958.swift */,
				02EE9062269ECC15009A40C9 /* 1546.swift */,
				02EE9064269ECC15009A40C9 /* 2562.swift */,
			);
			path = "1차원 배열";
			sourceTree = "<group>";
		};
		02EE9065269ECC2D009A40C9 /* 문자열 */ = {
			isa = PBXGroup;
			children = (
				02EE9066269ECC3E009A40C9 /* 11654.swift */,
				02EE9067269ECE06009A40C9 /* 11720.swift */,
				02EE9068269ED29E009A40C9 /* 10809.swift */,
				02EE9069269ED58D009A40C9 /* 2675.swift */,
				02EE906A269EDCEE009A40C9 /* 1157.swift */,
				02EE906B269EDDA2009A40C9 /* 1152.swift */,
				02EE906C269EDF44009A40C9 /* 2908.swift */,
				02EE906D269EE408009A40C9 /* 5622.swift */,
				02EE906E269EE529009A40C9 /* 2941.swift */,
				02EE9070269EE6BB009A40C9 /* 1316.swift */,
			);
			name = "문자열";
			path = "문자열";
			sourceTree = "<group>";
		};
/* End PBXGroup section */

/* Begin PBXNativeTarget section */
		02CB0CE226836B150095B5B0 /* CodingTest */ = {
			isa = PBXNativeTarget;
			buildConfigurationList = 02CB0CEA26836B150095B5B0 /* Build configuration list for PBXNativeTarget "CodingTest" */;
			buildPhases = (
				02CB0CDF26836B150095B5B0 /* Sources */,
				02CB0CE026836B150095B5B0 /* Frameworks */,
				02CB0CE126836B150095B5B0 /* CopyFiles */,
			);
			buildRules = (
			);
			dependencies = (
			);
			name = CodingTest;
			productName = CodingTest;
			productReference = 02CB0CE326836B150095B5B0 /* CodingTest */;
			productType = "com.apple.product-type.tool";
		};
/* End PBXNativeTarget section */

/* Begin PBXProject section */
		02CB0CDB26836B150095B5B0 /* Project object */ = {
			isa = PBXProject;
			attributes = {
				LastSwiftUpdateCheck = 1250;
				LastUpgradeCheck = 1250;
				TargetAttributes = {
					02CB0CE226836B150095B5B0 = {
						CreatedOnToolsVersion = 12.5;
					};
				};
			};
			buildConfigurationList = 02CB0CDE26836B150095B5B0 /* Build configuration list for PBXProject "CodingTest" */;
			compatibilityVersion = "Xcode 9.3";
			developmentRegion = en;
			hasScannedForEncodings = 0;
			knownRegions = (
				en,
				Base,
			);
			mainGroup = 02CB0CDA26836B150095B5B0;
			productRefGroup = 02CB0CE426836B150095B5B0 /* Products */;
			projectDirPath = "";
			projectRoot = "";
			targets = (
				02CB0CE226836B150095B5B0 /* CodingTest */,
			);
		};
/* End PBXProject section */

/* Begin PBXSourcesBuildPhase section */
		02CB0CDF26836B150095B5B0 /* Sources */ = {
			isa = PBXSourcesBuildPhase;
			buildActionMask = 2147483647;
			files = (
				02CB0CE726836B150095B5B0 /* main.swift in Sources */,
			);
			runOnlyForDeploymentPostprocessing = 0;
		};
/* End PBXSourcesBuildPhase section */

/* Begin XCBuildConfiguration section */
		02CB0CE826836B150095B5B0 /* Debug */ = {
			isa = XCBuildConfiguration;
			buildSettings = {
				ALWAYS_SEARCH_USER_PATHS = NO;
				CLANG_ANALYZER_NONNULL = YES;
				CLANG_ANALYZER_NUMBER_OBJECT_CONVERSION = YES_AGGRESSIVE;
				CLANG_CXX_LANGUAGE_STANDARD = "gnu++14";
				CLANG_CXX_LIBRARY = "libc++";
				CLANG_ENABLE_MODULES = YES;
				CLANG_ENABLE_OBJC_ARC = YES;
				CLANG_ENABLE_OBJC_WEAK = YES;
				CLANG_WARN_BLOCK_CAPTURE_AUTORELEASING = YES;
				CLANG_WARN_BOOL_CONVERSION = YES;
				CLANG_WARN_COMMA = YES;
				CLANG_WARN_CONSTANT_CONVERSION = YES;
				CLANG_WARN_DEPRECATED_OBJC_IMPLEMENTATIONS = YES;
				CLANG_WARN_DIRECT_OBJC_ISA_USAGE = YES_ERROR;
				CLANG_WARN_DOCUMENTATION_COMMENTS = YES;
				CLANG_WARN_EMPTY_BODY = YES;
				CLANG_WARN_ENUM_CONVERSION = YES;
				CLANG_WARN_INFINITE_RECURSION = YES;
				CLANG_WARN_INT_CONVERSION = YES;
				CLANG_WARN_NON_LITERAL_NULL_CONVERSION = YES;
				CLANG_WARN_OBJC_IMPLICIT_RETAIN_SELF = YES;
				CLANG_WARN_OBJC_LITERAL_CONVERSION = YES;
				CLANG_WARN_OBJC_ROOT_CLASS = YES_ERROR;
				CLANG_WARN_QUOTED_INCLUDE_IN_FRAMEWORK_HEADER = YES;
				CLANG_WARN_RANGE_LOOP_ANALYSIS = YES;
				CLANG_WARN_STRICT_PROTOTYPES = YES;
				CLANG_WARN_SUSPICIOUS_MOVE = YES;
				CLANG_WARN_UNGUARDED_AVAILABILITY = YES_AGGRESSIVE;
				CLANG_WARN_UNREACHABLE_CODE = YES;
				CLANG_WARN__DUPLICATE_METHOD_MATCH = YES;
				COPY_PHASE_STRIP = NO;
				DEBUG_INFORMATION_FORMAT = dwarf;
				ENABLE_STRICT_OBJC_MSGSEND = YES;
				ENABLE_TESTABILITY = YES;
				GCC_C_LANGUAGE_STANDARD = gnu11;
				GCC_DYNAMIC_NO_PIC = NO;
				GCC_NO_COMMON_BLOCKS = YES;
				GCC_OPTIMIZATION_LEVEL = 0;
				GCC_PREPROCESSOR_DEFINITIONS = (
					"DEBUG=1",
					"$(inherited)",
				);
				GCC_WARN_64_TO_32_BIT_CONVERSION = YES;
				GCC_WARN_ABOUT_RETURN_TYPE = YES_ERROR;
				GCC_WARN_UNDECLARED_SELECTOR = YES;
				GCC_WARN_UNINITIALIZED_AUTOS = YES_AGGRESSIVE;
				GCC_WARN_UNUSED_FUNCTION = YES;
				GCC_WARN_UNUSED_VARIABLE = YES;
				MACOSX_DEPLOYMENT_TARGET = 11.3;
				MTL_ENABLE_DEBUG_INFO = INCLUDE_SOURCE;
				MTL_FAST_MATH = YES;
				ONLY_ACTIVE_ARCH = YES;
				SDKROOT = macosx;
				SWIFT_ACTIVE_COMPILATION_CONDITIONS = DEBUG;
				SWIFT_OPTIMIZATION_LEVEL = "-Onone";
			};
			name = Debug;
		};
		02CB0CE926836B150095B5B0 /* Release */ = {
			isa = XCBuildConfiguration;
			buildSettings = {
				ALWAYS_SEARCH_USER_PATHS = NO;
				CLANG_ANALYZER_NONNULL = YES;
				CLANG_ANALYZER_NUMBER_OBJECT_CONVERSION = YES_AGGRESSIVE;
				CLANG_CXX_LANGUAGE_STANDARD = "gnu++14";
				CLANG_CXX_LIBRARY = "libc++";
				CLANG_ENABLE_MODULES = YES;
				CLANG_ENABLE_OBJC_ARC = YES;
				CLANG_ENABLE_OBJC_WEAK = YES;
				CLANG_WARN_BLOCK_CAPTURE_AUTORELEASING = YES;
				CLANG_WARN_BOOL_CONVERSION = YES;
				CLANG_WARN_COMMA = YES;
				CLANG_WARN_CONSTANT_CONVERSION = YES;
				CLANG_WARN_DEPRECATED_OBJC_IMPLEMENTATIONS = YES;
				CLANG_WARN_DIRECT_OBJC_ISA_USAGE = YES_ERROR;
				CLANG_WARN_DOCUMENTATION_COMMENTS = YES;
				CLANG_WARN_EMPTY_BODY = YES;
				CLANG_WARN_ENUM_CONVERSION = YES;
				CLANG_WARN_INFINITE_RECURSION = YES;
				CLANG_WARN_INT_CONVERSION = YES;
				CLANG_WARN_NON_LITERAL_NULL_CONVERSION = YES;
				CLANG_WARN_OBJC_IMPLICIT_RETAIN_SELF = YES;
				CLANG_WARN_OBJC_LITERAL_CONVERSION = YES;
				CLANG_WARN_OBJC_ROOT_CLASS = YES_ERROR;
				CLANG_WARN_QUOTED_INCLUDE_IN_FRAMEWORK_HEADER = YES;
				CLANG_WARN_RANGE_LOOP_ANALYSIS = YES;
				CLANG_WARN_STRICT_PROTOTYPES = YES;
				CLANG_WARN_SUSPICIOUS_MOVE = YES;
				CLANG_WARN_UNGUARDED_AVAILABILITY = YES_AGGRESSIVE;
				CLANG_WARN_UNREACHABLE_CODE = YES;
				CLANG_WARN__DUPLICATE_METHOD_MATCH = YES;
				COPY_PHASE_STRIP = NO;
				DEBUG_INFORMATION_FORMAT = "dwarf-with-dsym";
				ENABLE_NS_ASSERTIONS = NO;
				ENABLE_STRICT_OBJC_MSGSEND = YES;
				GCC_C_LANGUAGE_STANDARD = gnu11;
				GCC_NO_COMMON_BLOCKS = YES;
				GCC_WARN_64_TO_32_BIT_CONVERSION = YES;
				GCC_WARN_ABOUT_RETURN_TYPE = YES_ERROR;
				GCC_WARN_UNDECLARED_SELECTOR = YES;
				GCC_WARN_UNINITIALIZED_AUTOS = YES_AGGRESSIVE;
				GCC_WARN_UNUSED_FUNCTION = YES;
				GCC_WARN_UNUSED_VARIABLE = YES;
				MACOSX_DEPLOYMENT_TARGET = 11.3;
				MTL_ENABLE_DEBUG_INFO = NO;
				MTL_FAST_MATH = YES;
				SDKROOT = macosx;
				SWIFT_COMPILATION_MODE = wholemodule;
				SWIFT_OPTIMIZATION_LEVEL = "-O";
			};
			name = Release;
		};
		02CB0CEB26836B150095B5B0 /* Debug */ = {
			isa = XCBuildConfiguration;
			buildSettings = {
				CODE_SIGN_STYLE = Automatic;
				PRODUCT_NAME = "$(TARGET_NAME)";
				SWIFT_VERSION = 5.0;
			};
			name = Debug;
		};
		02CB0CEC26836B150095B5B0 /* Release */ = {
			isa = XCBuildConfiguration;
			buildSettings = {
				CODE_SIGN_STYLE = Automatic;
				PRODUCT_NAME = "$(TARGET_NAME)";
				SWIFT_VERSION = 5.0;
			};
			name = Release;
		};
/* End XCBuildConfiguration section */

/* Begin XCConfigurationList section */
		02CB0CDE26836B150095B5B0 /* Build configuration list for PBXProject "CodingTest" */ = {
			isa = XCConfigurationList;
			buildConfigurations = (
				02CB0CE826836B150095B5B0 /* Debug */,
				02CB0CE926836B150095B5B0 /* Release */,
			);
			defaultConfigurationIsVisible = 0;
			defaultConfigurationName = Release;
		};
		02CB0CEA26836B150095B5B0 /* Build configuration list for PBXNativeTarget "CodingTest" */ = {
			isa = XCConfigurationList;
			buildConfigurations = (
				02CB0CEB26836B150095B5B0 /* Debug */,
				02CB0CEC26836B150095B5B0 /* Release */,
			);
			defaultConfigurationIsVisible = 0;
			defaultConfigurationName = Release;
		};
/* End XCConfigurationList section */
	};
	rootObject = 02CB0CDB26836B150095B5B0 /* Project object */;
}
