// !$*UTF8*$!
{
	archiveVersion = 1;
	classes = {
	};
	objectVersion = 50;
	objects = {

/* Begin PBXBuildFile section */
		02BE84B725B95EB00024BC66 /* AppDelegate.swift in Sources */ = {isa = PBXBuildFile; fileRef = 02BE84B625B95EB00024BC66 /* AppDelegate.swift */; };
		02BE84B925B95EB00024BC66 /* SceneDelegate.swift in Sources */ = {isa = PBXBuildFile; fileRef = 02BE84B825B95EB00024BC66 /* SceneDelegate.swift */; };
		02BE84BB25B95EB00024BC66 /* ViewController.swift in Sources */ = {isa = PBXBuildFile; fileRef = 02BE84BA25B95EB00024BC66 /* ViewController.swift */; };
		02BE84BE25B95EB00024BC66 /* Main.storyboard in Resources */ = {isa = PBXBuildFile; fileRef = 02BE84BC25B95EB00024BC66 /* Main.storyboard */; };
		02BE84C025B95EB10024BC66 /* Assets.xcassets in Resources */ = {isa = PBXBuildFile; fileRef = 02BE84BF25B95EB10024BC66 /* Assets.xcassets */; };
		02BE84C325B95EB10024BC66 /* LaunchScreen.storyboard in Resources */ = {isa = PBXBuildFile; fileRef = 02BE84C125B95EB10024BC66 /* LaunchScreen.storyboard */; };
		02BE84CC25B95ED00024BC66 /* bg5.png in Resources */ = {isa = PBXBuildFile; fileRef = 02BE84CB25B95ED00024BC66 /* bg5.png */; };
		02BE84CF25B95ED60024BC66 /* balloon_3.png in Resources */ = {isa = PBXBuildFile; fileRef = 02BE84CE25B95ED60024BC66 /* balloon_3.png */; };
		02BE84D225B95F050024BC66 /* PopupViewController.swift in Sources */ = {isa = PBXBuildFile; fileRef = 02BE84D125B95F050024BC66 /* PopupViewController.swift */; };
		02BE84D525B95F7D0024BC66 /* PopupViewController.storyboard in Resources */ = {isa = PBXBuildFile; fileRef = 02BE84D425B95F7D0024BC66 /* PopupViewController.storyboard */; };
/* End PBXBuildFile section */

/* Begin PBXFileReference section */
		02BE84B325B95EB00024BC66 /* Popup_Practice.app */ = {isa = PBXFileReference; explicitFileType = wrapper.application; includeInIndex = 0; path = Popup_Practice.app; sourceTree = BUILT_PRODUCTS_DIR; };
		02BE84B625B95EB00024BC66 /* AppDelegate.swift */ = {isa = PBXFileReference; lastKnownFileType = sourcecode.swift; path = AppDelegate.swift; sourceTree = "<group>"; };
		02BE84B825B95EB00024BC66 /* SceneDelegate.swift */ = {isa = PBXFileReference; lastKnownFileType = sourcecode.swift; path = SceneDelegate.swift; sourceTree = "<group>"; };
		02BE84BA25B95EB00024BC66 /* ViewController.swift */ = {isa = PBXFileReference; lastKnownFileType = sourcecode.swift; path = ViewController.swift; sourceTree = "<group>"; };
		02BE84BD25B95EB00024BC66 /* Base */ = {isa = PBXFileReference; lastKnownFileType = file.storyboard; name = Base; path = Base.lproj/Main.storyboard; sourceTree = "<group>"; };
		02BE84BF25B95EB10024BC66 /* Assets.xcassets */ = {isa = PBXFileReference; lastKnownFileType = folder.assetcatalog; path = Assets.xcassets; sourceTree = "<group>"; };
		02BE84C225B95EB10024BC66 /* Base */ = {isa = PBXFileReference; lastKnownFileType = file.storyboard; name = Base; path = Base.lproj/LaunchScreen.storyboard; sourceTree = "<group>"; };
		02BE84C425B95EB10024BC66 /* Info.plist */ = {isa = PBXFileReference; lastKnownFileType = text.plist.xml; path = Info.plist; sourceTree = "<group>"; };
		02BE84CB25B95ED00024BC66 /* bg5.png */ = {isa = PBXFileReference; lastKnownFileType = image.png; path = bg5.png; sourceTree = "<group>"; };
		02BE84CE25B95ED60024BC66 /* balloon_3.png */ = {isa = PBXFileReference; lastKnownFileType = image.png; path = balloon_3.png; sourceTree = "<group>"; };
		02BE84D125B95F050024BC66 /* PopupViewController.swift */ = {isa = PBXFileReference; lastKnownFileType = sourcecode.swift; path = PopupViewController.swift; sourceTree = "<group>"; };
		02BE84D425B95F7D0024BC66 /* PopupViewController.storyboard */ = {isa = PBXFileReference; lastKnownFileType = file.storyboard; path = PopupViewController.storyboard; sourceTree = "<group>"; };
/* End PBXFileReference section */

/* Begin PBXFrameworksBuildPhase section */
		02BE84B025B95EB00024BC66 /* Frameworks */ = {
			isa = PBXFrameworksBuildPhase;
			buildActionMask = 2147483647;
			files = (
			);
			runOnlyForDeploymentPostprocessing = 0;
		};
/* End PBXFrameworksBuildPhase section */

/* Begin PBXGroup section */
		02BE84AA25B95EB00024BC66 = {
			isa = PBXGroup;
			children = (
				02BE84B525B95EB00024BC66 /* Popup_Practice */,
				02BE84B425B95EB00024BC66 /* Products */,
			);
			sourceTree = "<group>";
		};
		02BE84B425B95EB00024BC66 /* Products */ = {
			isa = PBXGroup;
			children = (
				02BE84B325B95EB00024BC66 /* Popup_Practice.app */,
			);
			name = Products;
			sourceTree = "<group>";
		};
		02BE84B525B95EB00024BC66 /* Popup_Practice */ = {
			isa = PBXGroup;
			children = (
				02BE84B625B95EB00024BC66 /* AppDelegate.swift */,
				02BE84B825B95EB00024BC66 /* SceneDelegate.swift */,
				02BE84BA25B95EB00024BC66 /* ViewController.swift */,
				02BE84BC25B95EB00024BC66 /* Main.storyboard */,
				02BE84D425B95F7D0024BC66 /* PopupViewController.storyboard */,
				02BE84D125B95F050024BC66 /* PopupViewController.swift */,
				02BE84BF25B95EB10024BC66 /* Assets.xcassets */,
				02BE84C125B95EB10024BC66 /* LaunchScreen.storyboard */,
				02BE84C425B95EB10024BC66 /* Info.plist */,
				02BE84CB25B95ED00024BC66 /* bg5.png */,
				02BE84CE25B95ED60024BC66 /* balloon_3.png */,
			);
			path = Popup_Practice;
			sourceTree = "<group>";
		};
/* End PBXGroup section */

/* Begin PBXNativeTarget section */
		02BE84B225B95EB00024BC66 /* Popup_Practice */ = {
			isa = PBXNativeTarget;
			buildConfigurationList = 02BE84C725B95EB10024BC66 /* Build configuration list for PBXNativeTarget "Popup_Practice" */;
			buildPhases = (
				02BE84AF25B95EB00024BC66 /* Sources */,
				02BE84B025B95EB00024BC66 /* Frameworks */,
				02BE84B125B95EB00024BC66 /* Resources */,
			);
			buildRules = (
			);
			dependencies = (
			);
			name = Popup_Practice;
			productName = Popup_Practice;
			productReference = 02BE84B325B95EB00024BC66 /* Popup_Practice.app */;
			productType = "com.apple.product-type.application";
		};
/* End PBXNativeTarget section */

/* Begin PBXProject section */
		02BE84AB25B95EB00024BC66 /* Project object */ = {
			isa = PBXProject;
			attributes = {
				LastSwiftUpdateCheck = 1230;
				LastUpgradeCheck = 1230;
				TargetAttributes = {
					02BE84B225B95EB00024BC66 = {
						CreatedOnToolsVersion = 12.3;
					};
				};
			};
			buildConfigurationList = 02BE84AE25B95EB00024BC66 /* Build configuration list for PBXProject "Popup_Practice" */;
			compatibilityVersion = "Xcode 9.3";
			developmentRegion = en;
			hasScannedForEncodings = 0;
			knownRegions = (
				en,
				Base,
			);
			mainGroup = 02BE84AA25B95EB00024BC66;
			productRefGroup = 02BE84B425B95EB00024BC66 /* Products */;
			projectDirPath = "";
			projectRoot = "";
			targets = (
				02BE84B225B95EB00024BC66 /* Popup_Practice */,
			);
		};
/* End PBXProject section */

/* Begin PBXResourcesBuildPhase section */
		02BE84B125B95EB00024BC66 /* Resources */ = {
			isa = PBXResourcesBuildPhase;
			buildActionMask = 2147483647;
			files = (
				02BE84D525B95F7D0024BC66 /* PopupViewController.storyboard in Resources */,
				02BE84CC25B95ED00024BC66 /* bg5.png in Resources */,
				02BE84C325B95EB10024BC66 /* LaunchScreen.storyboard in Resources */,
				02BE84C025B95EB10024BC66 /* Assets.xcassets in Resources */,
				02BE84CF25B95ED60024BC66 /* balloon_3.png in Resources */,
				02BE84BE25B95EB00024BC66 /* Main.storyboard in Resources */,
			);
			runOnlyForDeploymentPostprocessing = 0;
		};
/* End PBXResourcesBuildPhase section */

/* Begin PBXSourcesBuildPhase section */
		02BE84AF25B95EB00024BC66 /* Sources */ = {
			isa = PBXSourcesBuildPhase;
			buildActionMask = 2147483647;
			files = (
				02BE84BB25B95EB00024BC66 /* ViewController.swift in Sources */,
				02BE84B725B95EB00024BC66 /* AppDelegate.swift in Sources */,
				02BE84B925B95EB00024BC66 /* SceneDelegate.swift in Sources */,
				02BE84D225B95F050024BC66 /* PopupViewController.swift in Sources */,
			);
			runOnlyForDeploymentPostprocessing = 0;
		};
/* End PBXSourcesBuildPhase section */

/* Begin PBXVariantGroup section */
		02BE84BC25B95EB00024BC66 /* Main.storyboard */ = {
			isa = PBXVariantGroup;
			children = (
				02BE84BD25B95EB00024BC66 /* Base */,
			);
			name = Main.storyboard;
			sourceTree = "<group>";
		};
		02BE84C125B95EB10024BC66 /* LaunchScreen.storyboard */ = {
			isa = PBXVariantGroup;
			children = (
				02BE84C225B95EB10024BC66 /* Base */,
			);
			name = LaunchScreen.storyboard;
			sourceTree = "<group>";
		};
/* End PBXVariantGroup section */

/* Begin XCBuildConfiguration section */
		02BE84C525B95EB10024BC66 /* Debug */ = {
			isa = XCBuildConfiguration;
			buildSettings = {
				ALWAYS_SEARCH_USER_PATHS = NO;
				CLANG_ANALYZER_NONNULL = YES;
				CLANG_ANALYZER_NUMBER_OBJECT_CONVERSION = YES_AGGRESSIVE;
				CLANG_CXX_LANGUAGE_STANDARD = "gnu++14";
				CLANG_CXX_LIBRARY = "libc++";
				CLANG_ENABLE_MODULES = YES;
				CLANG_ENABLE_OBJC_ARC = YES;
				CLANG_ENABLE_OBJC_WEAK = YES;
				CLANG_WARN_BLOCK_CAPTURE_AUTORELEASING = YES;
				CLANG_WARN_BOOL_CONVERSION = YES;
				CLANG_WARN_COMMA = YES;
				CLANG_WARN_CONSTANT_CONVERSION = YES;
				CLANG_WARN_DEPRECATED_OBJC_IMPLEMENTATIONS = YES;
				CLANG_WARN_DIRECT_OBJC_ISA_USAGE = YES_ERROR;
				CLANG_WARN_DOCUMENTATION_COMMENTS = YES;
				CLANG_WARN_EMPTY_BODY = YES;
				CLANG_WARN_ENUM_CONVERSION = YES;
				CLANG_WARN_INFINITE_RECURSION = YES;
				CLANG_WARN_INT_CONVERSION = YES;
				CLANG_WARN_NON_LITERAL_NULL_CONVERSION = YES;
				CLANG_WARN_OBJC_IMPLICIT_RETAIN_SELF = YES;
				CLANG_WARN_OBJC_LITERAL_CONVERSION = YES;
				CLANG_WARN_OBJC_ROOT_CLASS = YES_ERROR;
				CLANG_WARN_QUOTED_INCLUDE_IN_FRAMEWORK_HEADER = YES;
				CLANG_WARN_RANGE_LOOP_ANALYSIS = YES;
				CLANG_WARN_STRICT_PROTOTYPES = YES;
				CLANG_WARN_SUSPICIOUS_MOVE = YES;
				CLANG_WARN_UNGUARDED_AVAILABILITY = YES_AGGRESSIVE;
				CLANG_WARN_UNREACHABLE_CODE = YES;
				CLANG_WARN__DUPLICATE_METHOD_MATCH = YES;
				COPY_PHASE_STRIP = NO;
				DEBUG_INFORMATION_FORMAT = dwarf;
				ENABLE_STRICT_OBJC_MSGSEND = YES;
				ENABLE_TESTABILITY = YES;
				GCC_C_LANGUAGE_STANDARD = gnu11;
				GCC_DYNAMIC_NO_PIC = NO;
				GCC_NO_COMMON_BLOCKS = YES;
				GCC_OPTIMIZATION_LEVEL = 0;
				GCC_PREPROCESSOR_DEFINITIONS = (
					"DEBUG=1",
					"$(inherited)",
				);
				GCC_WARN_64_TO_32_BIT_CONVERSION = YES;
				GCC_WARN_ABOUT_RETURN_TYPE = YES_ERROR;
				GCC_WARN_UNDECLARED_SELECTOR = YES;
				GCC_WARN_UNINITIALIZED_AUTOS = YES_AGGRESSIVE;
				GCC_WARN_UNUSED_FUNCTION = YES;
				GCC_WARN_UNUSED_VARIABLE = YES;
				IPHONEOS_DEPLOYMENT_TARGET = 14.3;
				MTL_ENABLE_DEBUG_INFO = INCLUDE_SOURCE;
				MTL_FAST_MATH = YES;
				ONLY_ACTIVE_ARCH = YES;
				SDKROOT = iphoneos;
				SWIFT_ACTIVE_COMPILATION_CONDITIONS = DEBUG;
				SWIFT_OPTIMIZATION_LEVEL = "-Onone";
			};
			name = Debug;
		};
		02BE84C625B95EB10024BC66 /* Release */ = {
			isa = XCBuildConfiguration;
			buildSettings = {
				ALWAYS_SEARCH_USER_PATHS = NO;
				CLANG_ANALYZER_NONNULL = YES;
				CLANG_ANALYZER_NUMBER_OBJECT_CONVERSION = YES_AGGRESSIVE;
				CLANG_CXX_LANGUAGE_STANDARD = "gnu++14";
				CLANG_CXX_LIBRARY = "libc++";
				CLANG_ENABLE_MODULES = YES;
				CLANG_ENABLE_OBJC_ARC = YES;
				CLANG_ENABLE_OBJC_WEAK = YES;
				CLANG_WARN_BLOCK_CAPTURE_AUTORELEASING = YES;
				CLANG_WARN_BOOL_CONVERSION = YES;
				CLANG_WARN_COMMA = YES;
				CLANG_WARN_CONSTANT_CONVERSION = YES;
				CLANG_WARN_DEPRECATED_OBJC_IMPLEMENTATIONS = YES;
				CLANG_WARN_DIRECT_OBJC_ISA_USAGE = YES_ERROR;
				CLANG_WARN_DOCUMENTATION_COMMENTS = YES;
				CLANG_WARN_EMPTY_BODY = YES;
				CLANG_WARN_ENUM_CONVERSION = YES;
				CLANG_WARN_INFINITE_RECURSION = YES;
				CLANG_WARN_INT_CONVERSION = YES;
				CLANG_WARN_NON_LITERAL_NULL_CONVERSION = YES;
				CLANG_WARN_OBJC_IMPLICIT_RETAIN_SELF = YES;
				CLANG_WARN_OBJC_LITERAL_CONVERSION = YES;
				CLANG_WARN_OBJC_ROOT_CLASS = YES_ERROR;
				CLANG_WARN_QUOTED_INCLUDE_IN_FRAMEWORK_HEADER = YES;
				CLANG_WARN_RANGE_LOOP_ANALYSIS = YES;
				CLANG_WARN_STRICT_PROTOTYPES = YES;
				CLANG_WARN_SUSPICIOUS_MOVE = YES;
				CLANG_WARN_UNGUARDED_AVAILABILITY = YES_AGGRESSIVE;
				CLANG_WARN_UNREACHABLE_CODE = YES;
				CLANG_WARN__DUPLICATE_METHOD_MATCH = YES;
				COPY_PHASE_STRIP = NO;
				DEBUG_INFORMATION_FORMAT = "dwarf-with-dsym";
				ENABLE_NS_ASSERTIONS = NO;
				ENABLE_STRICT_OBJC_MSGSEND = YES;
				GCC_C_LANGUAGE_STANDARD = gnu11;
				GCC_NO_COMMON_BLOCKS = YES;
				GCC_WARN_64_TO_32_BIT_CONVERSION = YES;
				GCC_WARN_ABOUT_RETURN_TYPE = YES_ERROR;
				GCC_WARN_UNDECLARED_SELECTOR = YES;
				GCC_WARN_UNINITIALIZED_AUTOS = YES_AGGRESSIVE;
				GCC_WARN_UNUSED_FUNCTION = YES;
				GCC_WARN_UNUSED_VARIABLE = YES;
				IPHONEOS_DEPLOYMENT_TARGET = 14.3;
				MTL_ENABLE_DEBUG_INFO = NO;
				MTL_FAST_MATH = YES;
				SDKROOT = iphoneos;
				SWIFT_COMPILATION_MODE = wholemodule;
				SWIFT_OPTIMIZATION_LEVEL = "-O";
				VALIDATE_PRODUCT = YES;
			};
			name = Release;
		};
		02BE84C825B95EB10024BC66 /* Debug */ = {
			isa = XCBuildConfiguration;
			buildSettings = {
				ASSETCATALOG_COMPILER_APPICON_NAME = AppIcon;
				ASSETCATALOG_COMPILER_GLOBAL_ACCENT_COLOR_NAME = AccentColor;
				CODE_SIGN_STYLE = Automatic;
				INFOPLIST_FILE = Popup_Practice/Info.plist;
				LD_RUNPATH_SEARCH_PATHS = (
					"$(inherited)",
					"@executable_path/Frameworks",
				);
				PRODUCT_BUNDLE_IDENTIFIER = "com.hwanwoo.Popup-Practice";
				PRODUCT_NAME = "$(TARGET_NAME)";
				SWIFT_VERSION = 5.0;
				TARGETED_DEVICE_FAMILY = "1,2";
			};
			name = Debug;
		};
		02BE84C925B95EB10024BC66 /* Release */ = {
			isa = XCBuildConfiguration;
			buildSettings = {
				ASSETCATALOG_COMPILER_APPICON_NAME = AppIcon;
				ASSETCATALOG_COMPILER_GLOBAL_ACCENT_COLOR_NAME = AccentColor;
				CODE_SIGN_STYLE = Automatic;
				INFOPLIST_FILE = Popup_Practice/Info.plist;
				LD_RUNPATH_SEARCH_PATHS = (
					"$(inherited)",
					"@executable_path/Frameworks",
				);
				PRODUCT_BUNDLE_IDENTIFIER = "com.hwanwoo.Popup-Practice";
				PRODUCT_NAME = "$(TARGET_NAME)";
				SWIFT_VERSION = 5.0;
				TARGETED_DEVICE_FAMILY = "1,2";
			};
			name = Release;
		};
/* End XCBuildConfiguration section */

/* Begin XCConfigurationList section */
		02BE84AE25B95EB00024BC66 /* Build configuration list for PBXProject "Popup_Practice" */ = {
			isa = XCConfigurationList;
			buildConfigurations = (
				02BE84C525B95EB10024BC66 /* Debug */,
				02BE84C625B95EB10024BC66 /* Release */,
			);
			defaultConfigurationIsVisible = 0;
			defaultConfigurationName = Release;
		};
		02BE84C725B95EB10024BC66 /* Build configuration list for PBXNativeTarget "Popup_Practice" */ = {
			isa = XCConfigurationList;
			buildConfigurations = (
				02BE84C825B95EB10024BC66 /* Debug */,
				02BE84C925B95EB10024BC66 /* Release */,
			);
			defaultConfigurationIsVisible = 0;
			defaultConfigurationName = Release;
		};
/* End XCConfigurationList section */
	};
	rootObject = 02BE84AB25B95EB00024BC66 /* Project object */;
}
