// !$*UTF8*$!
{
	archiveVersion = 1;
	classes = {
	};
	objectVersion = 50;
	objects = {

/* Begin PBXBuildFile section */
		0288F6C826CE3B24001513CA /* AppDelegate.swift in Sources */ = {isa = PBXBuildFile; fileRef = 0288F6C726CE3B24001513CA /* AppDelegate.swift */; };
		0288F6CA26CE3B24001513CA /* SceneDelegate.swift in Sources */ = {isa = PBXBuildFile; fileRef = 0288F6C926CE3B24001513CA /* SceneDelegate.swift */; };
		0288F6CC26CE3B24001513CA /* ContentView.swift in Sources */ = {isa = PBXBuildFile; fileRef = 0288F6CB26CE3B24001513CA /* ContentView.swift */; };
		0288F6CE26CE3B27001513CA /* Assets.xcassets in Resources */ = {isa = PBXBuildFile; fileRef = 0288F6CD26CE3B27001513CA /* Assets.xcassets */; };
		0288F6D126CE3B27001513CA /* Preview Assets.xcassets in Resources */ = {isa = PBXBuildFile; fileRef = 0288F6D026CE3B27001513CA /* Preview Assets.xcassets */; };
		0288F6D426CE3B27001513CA /* LaunchScreen.storyboard in Resources */ = {isa = PBXBuildFile; fileRef = 0288F6D226CE3B27001513CA /* LaunchScreen.storyboard */; };
		0288F6DD26CE3D36001513CA /* NetworkManager.swift in Sources */ = {isa = PBXBuildFile; fileRef = 0288F6DC26CE3D36001513CA /* NetworkManager.swift */; };
		0288F6DF26CE3E3C001513CA /* PostData.swift in Sources */ = {isa = PBXBuildFile; fileRef = 0288F6DE26CE3E3C001513CA /* PostData.swift */; };
		0288F6E226CE48A7001513CA /* DetailView.swift in Sources */ = {isa = PBXBuildFile; fileRef = 0288F6E126CE48A7001513CA /* DetailView.swift */; };
		0288F6E426CE4C33001513CA /* WebView.swift in Sources */ = {isa = PBXBuildFile; fileRef = 0288F6E326CE4C33001513CA /* WebView.swift */; };
/* End PBXBuildFile section */

/* Begin PBXFileReference section */
		0288F6C426CE3B24001513CA /* news swiftUI.app */ = {isa = PBXFileReference; explicitFileType = wrapper.application; includeInIndex = 0; path = "news swiftUI.app"; sourceTree = BUILT_PRODUCTS_DIR; };
		0288F6C726CE3B24001513CA /* AppDelegate.swift */ = {isa = PBXFileReference; lastKnownFileType = sourcecode.swift; path = AppDelegate.swift; sourceTree = "<group>"; };
		0288F6C926CE3B24001513CA /* SceneDelegate.swift */ = {isa = PBXFileReference; lastKnownFileType = sourcecode.swift; path = SceneDelegate.swift; sourceTree = "<group>"; };
		0288F6CB26CE3B24001513CA /* ContentView.swift */ = {isa = PBXFileReference; lastKnownFileType = sourcecode.swift; path = ContentView.swift; sourceTree = "<group>"; };
		0288F6CD26CE3B27001513CA /* Assets.xcassets */ = {isa = PBXFileReference; lastKnownFileType = folder.assetcatalog; path = Assets.xcassets; sourceTree = "<group>"; };
		0288F6D026CE3B27001513CA /* Preview Assets.xcassets */ = {isa = PBXFileReference; lastKnownFileType = folder.assetcatalog; path = "Preview Assets.xcassets"; sourceTree = "<group>"; };
		0288F6D326CE3B27001513CA /* Base */ = {isa = PBXFileReference; lastKnownFileType = file.storyboard; name = Base; path = Base.lproj/LaunchScreen.storyboard; sourceTree = "<group>"; };
		0288F6D526CE3B27001513CA /* Info.plist */ = {isa = PBXFileReference; lastKnownFileType = text.plist.xml; path = Info.plist; sourceTree = "<group>"; };
		0288F6DC26CE3D36001513CA /* NetworkManager.swift */ = {isa = PBXFileReference; lastKnownFileType = sourcecode.swift; path = NetworkManager.swift; sourceTree = "<group>"; };
		0288F6DE26CE3E3C001513CA /* PostData.swift */ = {isa = PBXFileReference; lastKnownFileType = sourcecode.swift; path = PostData.swift; sourceTree = "<group>"; };
		0288F6E126CE48A7001513CA /* DetailView.swift */ = {isa = PBXFileReference; lastKnownFileType = sourcecode.swift; path = DetailView.swift; sourceTree = "<group>"; };
		0288F6E326CE4C33001513CA /* WebView.swift */ = {isa = PBXFileReference; lastKnownFileType = sourcecode.swift; path = WebView.swift; sourceTree = "<group>"; };
/* End PBXFileReference section */

/* Begin PBXFrameworksBuildPhase section */
		0288F6C126CE3B24001513CA /* Frameworks */ = {
			isa = PBXFrameworksBuildPhase;
			buildActionMask = 2147483647;
			files = (
			);
			runOnlyForDeploymentPostprocessing = 0;
		};
/* End PBXFrameworksBuildPhase section */

/* Begin PBXGroup section */
		0288F6BB26CE3B24001513CA = {
			isa = PBXGroup;
			children = (
				0288F6C626CE3B24001513CA /* news swiftUI */,
				0288F6C526CE3B24001513CA /* Products */,
			);
			sourceTree = "<group>";
		};
		0288F6C526CE3B24001513CA /* Products */ = {
			isa = PBXGroup;
			children = (
				0288F6C426CE3B24001513CA /* news swiftUI.app */,
			);
			name = Products;
			sourceTree = "<group>";
		};
		0288F6C626CE3B24001513CA /* news swiftUI */ = {
			isa = PBXGroup;
			children = (
				0288F6E026CE4882001513CA /* Views */,
				0288F6DB26CE3D26001513CA /* Models */,
				0288F6C726CE3B24001513CA /* AppDelegate.swift */,
				0288F6C926CE3B24001513CA /* SceneDelegate.swift */,
				0288F6CD26CE3B27001513CA /* Assets.xcassets */,
				0288F6D226CE3B27001513CA /* LaunchScreen.storyboard */,
				0288F6D526CE3B27001513CA /* Info.plist */,
				0288F6CF26CE3B27001513CA /* Preview Content */,
			);
			path = "news swiftUI";
			sourceTree = "<group>";
		};
		0288F6CF26CE3B27001513CA /* Preview Content */ = {
			isa = PBXGroup;
			children = (
				0288F6D026CE3B27001513CA /* Preview Assets.xcassets */,
			);
			path = "Preview Content";
			sourceTree = "<group>";
		};
		0288F6DB26CE3D26001513CA /* Models */ = {
			isa = PBXGroup;
			children = (
				0288F6DC26CE3D36001513CA /* NetworkManager.swift */,
				0288F6DE26CE3E3C001513CA /* PostData.swift */,
			);
			path = Models;
			sourceTree = "<group>";
		};
		0288F6E026CE4882001513CA /* Views */ = {
			isa = PBXGroup;
			children = (
				0288F6CB26CE3B24001513CA /* ContentView.swift */,
				0288F6E126CE48A7001513CA /* DetailView.swift */,
				0288F6E326CE4C33001513CA /* WebView.swift */,
			);
			path = Views;
			sourceTree = "<group>";
		};
/* End PBXGroup section */

/* Begin PBXNativeTarget section */
		0288F6C326CE3B24001513CA /* news swiftUI */ = {
			isa = PBXNativeTarget;
			buildConfigurationList = 0288F6D826CE3B27001513CA /* Build configuration list for PBXNativeTarget "news swiftUI" */;
			buildPhases = (
				0288F6C026CE3B24001513CA /* Sources */,
				0288F6C126CE3B24001513CA /* Frameworks */,
				0288F6C226CE3B24001513CA /* Resources */,
			);
			buildRules = (
			);
			dependencies = (
			);
			name = "news swiftUI";
			productName = "news swiftUI";
			productReference = 0288F6C426CE3B24001513CA /* news swiftUI.app */;
			productType = "com.apple.product-type.application";
		};
/* End PBXNativeTarget section */

/* Begin PBXProject section */
		0288F6BC26CE3B24001513CA /* Project object */ = {
			isa = PBXProject;
			attributes = {
				LastSwiftUpdateCheck = 1250;
				LastUpgradeCheck = 1250;
				TargetAttributes = {
					0288F6C326CE3B24001513CA = {
						CreatedOnToolsVersion = 12.5.1;
					};
				};
			};
			buildConfigurationList = 0288F6BF26CE3B24001513CA /* Build configuration list for PBXProject "news swiftUI" */;
			compatibilityVersion = "Xcode 9.3";
			developmentRegion = en;
			hasScannedForEncodings = 0;
			knownRegions = (
				en,
				Base,
			);
			mainGroup = 0288F6BB26CE3B24001513CA;
			productRefGroup = 0288F6C526CE3B24001513CA /* Products */;
			projectDirPath = "";
			projectRoot = "";
			targets = (
				0288F6C326CE3B24001513CA /* news swiftUI */,
			);
		};
/* End PBXProject section */

/* Begin PBXResourcesBuildPhase section */
		0288F6C226CE3B24001513CA /* Resources */ = {
			isa = PBXResourcesBuildPhase;
			buildActionMask = 2147483647;
			files = (
				0288F6D426CE3B27001513CA /* LaunchScreen.storyboard in Resources */,
				0288F6D126CE3B27001513CA /* Preview Assets.xcassets in Resources */,
				0288F6CE26CE3B27001513CA /* Assets.xcassets in Resources */,
			);
			runOnlyForDeploymentPostprocessing = 0;
		};
/* End PBXResourcesBuildPhase section */

/* Begin PBXSourcesBuildPhase section */
		0288F6C026CE3B24001513CA /* Sources */ = {
			isa = PBXSourcesBuildPhase;
			buildActionMask = 2147483647;
			files = (
				0288F6DF26CE3E3C001513CA /* PostData.swift in Sources */,
				0288F6E226CE48A7001513CA /* DetailView.swift in Sources */,
				0288F6DD26CE3D36001513CA /* NetworkManager.swift in Sources */,
				0288F6C826CE3B24001513CA /* AppDelegate.swift in Sources */,
				0288F6CA26CE3B24001513CA /* SceneDelegate.swift in Sources */,
				0288F6CC26CE3B24001513CA /* ContentView.swift in Sources */,
				0288F6E426CE4C33001513CA /* WebView.swift in Sources */,
			);
			runOnlyForDeploymentPostprocessing = 0;
		};
/* End PBXSourcesBuildPhase section */

/* Begin PBXVariantGroup section */
		0288F6D226CE3B27001513CA /* LaunchScreen.storyboard */ = {
			isa = PBXVariantGroup;
			children = (
				0288F6D326CE3B27001513CA /* Base */,
			);
			name = LaunchScreen.storyboard;
			sourceTree = "<group>";
		};
/* End PBXVariantGroup section */

/* Begin XCBuildConfiguration section */
		0288F6D626CE3B27001513CA /* Debug */ = {
			isa = XCBuildConfiguration;
			buildSettings = {
				ALWAYS_SEARCH_USER_PATHS = NO;
				CLANG_ANALYZER_NONNULL = YES;
				CLANG_ANALYZER_NUMBER_OBJECT_CONVERSION = YES_AGGRESSIVE;
				CLANG_CXX_LANGUAGE_STANDARD = "gnu++14";
				CLANG_CXX_LIBRARY = "libc++";
				CLANG_ENABLE_MODULES = YES;
				CLANG_ENABLE_OBJC_ARC = YES;
				CLANG_ENABLE_OBJC_WEAK = YES;
				CLANG_WARN_BLOCK_CAPTURE_AUTORELEASING = YES;
				CLANG_WARN_BOOL_CONVERSION = YES;
				CLANG_WARN_COMMA = YES;
				CLANG_WARN_CONSTANT_CONVERSION = YES;
				CLANG_WARN_DEPRECATED_OBJC_IMPLEMENTATIONS = YES;
				CLANG_WARN_DIRECT_OBJC_ISA_USAGE = YES_ERROR;
				CLANG_WARN_DOCUMENTATION_COMMENTS = YES;
				CLANG_WARN_EMPTY_BODY = YES;
				CLANG_WARN_ENUM_CONVERSION = YES;
				CLANG_WARN_INFINITE_RECURSION = YES;
				CLANG_WARN_INT_CONVERSION = YES;
				CLANG_WARN_NON_LITERAL_NULL_CONVERSION = YES;
				CLANG_WARN_OBJC_IMPLICIT_RETAIN_SELF = YES;
				CLANG_WARN_OBJC_LITERAL_CONVERSION = YES;
				CLANG_WARN_OBJC_ROOT_CLASS = YES_ERROR;
				CLANG_WARN_QUOTED_INCLUDE_IN_FRAMEWORK_HEADER = YES;
				CLANG_WARN_RANGE_LOOP_ANALYSIS = YES;
				CLANG_WARN_STRICT_PROTOTYPES = YES;
				CLANG_WARN_SUSPICIOUS_MOVE = YES;
				CLANG_WARN_UNGUARDED_AVAILABILITY = YES_AGGRESSIVE;
				CLANG_WARN_UNREACHABLE_CODE = YES;
				CLANG_WARN__DUPLICATE_METHOD_MATCH = YES;
				COPY_PHASE_STRIP = NO;
				DEBUG_INFORMATION_FORMAT = dwarf;
				ENABLE_STRICT_OBJC_MSGSEND = YES;
				ENABLE_TESTABILITY = YES;
				GCC_C_LANGUAGE_STANDARD = gnu11;
				GCC_DYNAMIC_NO_PIC = NO;
				GCC_NO_COMMON_BLOCKS = YES;
				GCC_OPTIMIZATION_LEVEL = 0;
				GCC_PREPROCESSOR_DEFINITIONS = (
					"DEBUG=1",
					"$(inherited)",
				);
				GCC_WARN_64_TO_32_BIT_CONVERSION = YES;
				GCC_WARN_ABOUT_RETURN_TYPE = YES_ERROR;
				GCC_WARN_UNDECLARED_SELECTOR = YES;
				GCC_WARN_UNINITIALIZED_AUTOS = YES_AGGRESSIVE;
				GCC_WARN_UNUSED_FUNCTION = YES;
				GCC_WARN_UNUSED_VARIABLE = YES;
				IPHONEOS_DEPLOYMENT_TARGET = 14.5;
				MTL_ENABLE_DEBUG_INFO = INCLUDE_SOURCE;
				MTL_FAST_MATH = YES;
				ONLY_ACTIVE_ARCH = YES;
				SDKROOT = iphoneos;
				SWIFT_ACTIVE_COMPILATION_CONDITIONS = DEBUG;
				SWIFT_OPTIMIZATION_LEVEL = "-Onone";
			};
			name = Debug;
		};
		0288F6D726CE3B27001513CA /* Release */ = {
			isa = XCBuildConfiguration;
			buildSettings = {
				ALWAYS_SEARCH_USER_PATHS = NO;
				CLANG_ANALYZER_NONNULL = YES;
				CLANG_ANALYZER_NUMBER_OBJECT_CONVERSION = YES_AGGRESSIVE;
				CLANG_CXX_LANGUAGE_STANDARD = "gnu++14";
				CLANG_CXX_LIBRARY = "libc++";
				CLANG_ENABLE_MODULES = YES;
				CLANG_ENABLE_OBJC_ARC = YES;
				CLANG_ENABLE_OBJC_WEAK = YES;
				CLANG_WARN_BLOCK_CAPTURE_AUTORELEASING = YES;
				CLANG_WARN_BOOL_CONVERSION = YES;
				CLANG_WARN_COMMA = YES;
				CLANG_WARN_CONSTANT_CONVERSION = YES;
				CLANG_WARN_DEPRECATED_OBJC_IMPLEMENTATIONS = YES;
				CLANG_WARN_DIRECT_OBJC_ISA_USAGE = YES_ERROR;
				CLANG_WARN_DOCUMENTATION_COMMENTS = YES;
				CLANG_WARN_EMPTY_BODY = YES;
				CLANG_WARN_ENUM_CONVERSION = YES;
				CLANG_WARN_INFINITE_RECURSION = YES;
				CLANG_WARN_INT_CONVERSION = YES;
				CLANG_WARN_NON_LITERAL_NULL_CONVERSION = YES;
				CLANG_WARN_OBJC_IMPLICIT_RETAIN_SELF = YES;
				CLANG_WARN_OBJC_LITERAL_CONVERSION = YES;
				CLANG_WARN_OBJC_ROOT_CLASS = YES_ERROR;
				CLANG_WARN_QUOTED_INCLUDE_IN_FRAMEWORK_HEADER = YES;
				CLANG_WARN_RANGE_LOOP_ANALYSIS = YES;
				CLANG_WARN_STRICT_PROTOTYPES = YES;
				CLANG_WARN_SUSPICIOUS_MOVE = YES;
				CLANG_WARN_UNGUARDED_AVAILABILITY = YES_AGGRESSIVE;
				CLANG_WARN_UNREACHABLE_CODE = YES;
				CLANG_WARN__DUPLICATE_METHOD_MATCH = YES;
				COPY_PHASE_STRIP = NO;
				DEBUG_INFORMATION_FORMAT = "dwarf-with-dsym";
				ENABLE_NS_ASSERTIONS = NO;
				ENABLE_STRICT_OBJC_MSGSEND = YES;
				GCC_C_LANGUAGE_STANDARD = gnu11;
				GCC_NO_COMMON_BLOCKS = YES;
				GCC_WARN_64_TO_32_BIT_CONVERSION = YES;
				GCC_WARN_ABOUT_RETURN_TYPE = YES_ERROR;
				GCC_WARN_UNDECLARED_SELECTOR = YES;
				GCC_WARN_UNINITIALIZED_AUTOS = YES_AGGRESSIVE;
				GCC_WARN_UNUSED_FUNCTION = YES;
				GCC_WARN_UNUSED_VARIABLE = YES;
				IPHONEOS_DEPLOYMENT_TARGET = 14.5;
				MTL_ENABLE_DEBUG_INFO = NO;
				MTL_FAST_MATH = YES;
				SDKROOT = iphoneos;
				SWIFT_COMPILATION_MODE = wholemodule;
				SWIFT_OPTIMIZATION_LEVEL = "-O";
				VALIDATE_PRODUCT = YES;
			};
			name = Release;
		};
		0288F6D926CE3B27001513CA /* Debug */ = {
			isa = XCBuildConfiguration;
			buildSettings = {
				ASSETCATALOG_COMPILER_APPICON_NAME = AppIcon;
				ASSETCATALOG_COMPILER_GLOBAL_ACCENT_COLOR_NAME = AccentColor;
				CODE_SIGN_STYLE = Automatic;
				DEVELOPMENT_ASSET_PATHS = "\"news swiftUI/Preview Content\"";
				ENABLE_PREVIEWS = YES;
				INFOPLIST_FILE = "news swiftUI/Info.plist";
				LD_RUNPATH_SEARCH_PATHS = (
					"$(inherited)",
					"@executable_path/Frameworks",
				);
				PRODUCT_BUNDLE_IDENTIFIER = "com.hwanwoo.news-swiftUI";
				PRODUCT_NAME = "$(TARGET_NAME)";
				SWIFT_VERSION = 5.0;
				TARGETED_DEVICE_FAMILY = "1,2";
			};
			name = Debug;
		};
		0288F6DA26CE3B27001513CA /* Release */ = {
			isa = XCBuildConfiguration;
			buildSettings = {
				ASSETCATALOG_COMPILER_APPICON_NAME = AppIcon;
				ASSETCATALOG_COMPILER_GLOBAL_ACCENT_COLOR_NAME = AccentColor;
				CODE_SIGN_STYLE = Automatic;
				DEVELOPMENT_ASSET_PATHS = "\"news swiftUI/Preview Content\"";
				ENABLE_PREVIEWS = YES;
				INFOPLIST_FILE = "news swiftUI/Info.plist";
				LD_RUNPATH_SEARCH_PATHS = (
					"$(inherited)",
					"@executable_path/Frameworks",
				);
				PRODUCT_BUNDLE_IDENTIFIER = "com.hwanwoo.news-swiftUI";
				PRODUCT_NAME = "$(TARGET_NAME)";
				SWIFT_VERSION = 5.0;
				TARGETED_DEVICE_FAMILY = "1,2";
			};
			name = Release;
		};
/* End XCBuildConfiguration section */

/* Begin XCConfigurationList section */
		0288F6BF26CE3B24001513CA /* Build configuration list for PBXProject "news swiftUI" */ = {
			isa = XCConfigurationList;
			buildConfigurations = (
				0288F6D626CE3B27001513CA /* Debug */,
				0288F6D726CE3B27001513CA /* Release */,
			);
			defaultConfigurationIsVisible = 0;
			defaultConfigurationName = Release;
		};
		0288F6D826CE3B27001513CA /* Build configuration list for PBXNativeTarget "news swiftUI" */ = {
			isa = XCConfigurationList;
			buildConfigurations = (
				0288F6D926CE3B27001513CA /* Debug */,
				0288F6DA26CE3B27001513CA /* Release */,
			);
			defaultConfigurationIsVisible = 0;
			defaultConfigurationName = Release;
		};
/* End XCConfigurationList section */
	};
	rootObject = 0288F6BC26CE3B24001513CA /* Project object */;
}
